
Microsoft Visual Studio Solution File, Format Version 12.00
# Visual Studio 2017
Project("{FAE04EC0-301F-11D3-BF4B-00C04F79EFBC}") = "Clases5 (zenon)", "Clases5 (zenon).csproj", "{9FB4539B-197D-9582-333D-7044C7444282}"
EndProject
Global
	GlobalSection(SolutionConfigurationPlatforms) = preSolution
		Debug|Any CPU = Debug|Any CPU
		Release|Any CPU = Release|Any CPU
	EndGlobalSection
	GlobalSection(ProjectConfigurationPlatforms) = postSolution
		{9FB4539B-197D-9582-333D-7044C7444282}.Debug|Any CPU.ActiveCfg = Debug|Any CPU
		{9FB4539B-197D-9582-333D-7044C7444282}.Debug|Any CPU.Build.0 = Debug|Any CPU
		{9FB4539B-197D-9582-333D-7044C7444282}.Release|Any CPU.ActiveCfg = Release|Any CPU
		{9FB4539B-197D-9582-333D-7044C7444282}.Release|Any CPU.Build.0 = Release|Any CPU
	EndGlobalSection
	GlobalSection(SolutionProperties) = preSolution
		HideSolutionNode = FALSE
	EndGlobalSection
EndGlobal
